
Microsoft Visual Studio Solution File, Format Version 12.00
# Visual Studio Version 16
VisualStudioVersion = 16.0.30225.117
MinimumVisualStudioVersion = 10.0.40219.1
Project("{9A19103F-16F7-4668-BE54-9A1E7A4F7556}") = "WebApi", "WebApi.csproj", "{E4E59033-2182-4DBE-BF1D-7ADCEBAB811D}"
EndProject
Project("{2150E333-8FDC-42A3-9474-1A3956D46DE8}") = "Infrastructure", "Infrastructure", "{555B0021-3C66-458F-852E-D8E87DAC73B3}"
EndProject
Project("{9A19103F-16F7-4668-BE54-9A1E7A4F7556}") = "venta.DataAccess.Sql", "..\venta.DataAccess.Sql\venta.DataAccess.Sql.csproj", "{A09CA0E0-DA05-473D-9E5D-B196DCF0B93D}"
EndProject
Project("{9A19103F-16F7-4668-BE54-9A1E7A4F7556}") = "Ventas.Domain", "..\Ventas.Domain\Ventas.Domain.csproj", "{9FBFFB23-8E40-4496-A95B-A0151719426A}"
EndProject
Project("{FAE04EC0-301F-11D3-BF4B-00C04F79EFBC}") = "Aplicacion", "..\Aplicacion\Aplicacion.csproj", "{CDCED6E7-3D66-43F3-9249-6BC1983F1659}"
EndProject
Global
	GlobalSection(SolutionConfigurationPlatforms) = preSolution
		Debug|Any CPU = Debug|Any CPU
		Release|Any CPU = Release|Any CPU
	EndGlobalSection
	GlobalSection(ProjectConfigurationPlatforms) = postSolution
		{E4E59033-2182-4DBE-BF1D-7ADCEBAB811D}.Debug|Any CPU.ActiveCfg = Debug|Any CPU
		{E4E59033-2182-4DBE-BF1D-7ADCEBAB811D}.Debug|Any CPU.Build.0 = Debug|Any CPU
		{E4E59033-2182-4DBE-BF1D-7ADCEBAB811D}.Release|Any CPU.ActiveCfg = Release|Any CPU
		{E4E59033-2182-4DBE-BF1D-7ADCEBAB811D}.Release|Any CPU.Build.0 = Release|Any CPU
		{A09CA0E0-DA05-473D-9E5D-B196DCF0B93D}.Debug|Any CPU.ActiveCfg = Debug|Any CPU
		{A09CA0E0-DA05-473D-9E5D-B196DCF0B93D}.Debug|Any CPU.Build.0 = Debug|Any CPU
		{A09CA0E0-DA05-473D-9E5D-B196DCF0B93D}.Release|Any CPU.ActiveCfg = Release|Any CPU
		{A09CA0E0-DA05-473D-9E5D-B196DCF0B93D}.Release|Any CPU.Build.0 = Release|Any CPU
		{9FBFFB23-8E40-4496-A95B-A0151719426A}.Debug|Any CPU.ActiveCfg = Debug|Any CPU
		{9FBFFB23-8E40-4496-A95B-A0151719426A}.Debug|Any CPU.Build.0 = Debug|Any CPU
		{9FBFFB23-8E40-4496-A95B-A0151719426A}.Release|Any CPU.ActiveCfg = Release|Any CPU
		{9FBFFB23-8E40-4496-A95B-A0151719426A}.Release|Any CPU.Build.0 = Release|Any CPU
		{CDCED6E7-3D66-43F3-9249-6BC1983F1659}.Debug|Any CPU.ActiveCfg = Debug|Any CPU
		{CDCED6E7-3D66-43F3-9249-6BC1983F1659}.Debug|Any CPU.Build.0 = Debug|Any CPU
		{CDCED6E7-3D66-43F3-9249-6BC1983F1659}.Release|Any CPU.ActiveCfg = Release|Any CPU
		{CDCED6E7-3D66-43F3-9249-6BC1983F1659}.Release|Any CPU.Build.0 = Release|Any CPU
	EndGlobalSection
	GlobalSection(SolutionProperties) = preSolution
		HideSolutionNode = FALSE
	EndGlobalSection
	GlobalSection(NestedProjects) = preSolution
		{A09CA0E0-DA05-473D-9E5D-B196DCF0B93D} = {555B0021-3C66-458F-852E-D8E87DAC73B3}
	EndGlobalSection
	GlobalSection(ExtensibilityGlobals) = postSolution
		SolutionGuid = {56C9CA4A-8D35-40AA-9BF1-806458C891EE}
	EndGlobalSection
EndGlobal
